
Microsoft Visual Studio Solution File, Format Version 12.00
# Visual Studio 14
VisualStudioVersion = 14.0.25123.0
MinimumVisualStudioVersion = 10.0.40219.1
Project("{FAE04EC0-301F-11D3-BF4B-00C04F79EFBC}") = "01.Fill-the-Matrix", "01.Fill-the-Matrix\01.Fill-the-Matrix.csproj", "{1E2261D6-F064-4C34-8118-4550A415DBEE}"
EndProject
Project("{FAE04EC0-301F-11D3-BF4B-00C04F79EFBC}") = "02.Maximal-sum", "02.Maximal-sum\02.Maximal-sum.csproj", "{E3E86699-DB2B-41D7-BD67-D7BEA484EEFA}"
EndProject
Project("{FAE04EC0-301F-11D3-BF4B-00C04F79EFBC}") = "03.Sequence-in-matrix", "03.Sequence-in-matrix\03.Sequence-in-matrix.csproj", "{E1A788CB-F7E0-4246-9C8D-6B856565893E}"
EndProject
Global
	GlobalSection(SolutionConfigurationPlatforms) = preSolution
		Debug|Any CPU = Debug|Any CPU
		Release|Any CPU = Release|Any CPU
	EndGlobalSection
	GlobalSection(ProjectConfigurationPlatforms) = postSolution
		{1E2261D6-F064-4C34-8118-4550A415DBEE}.Debug|Any CPU.ActiveCfg = Debug|Any CPU
		{1E2261D6-F064-4C34-8118-4550A415DBEE}.Debug|Any CPU.Build.0 = Debug|Any CPU
		{1E2261D6-F064-4C34-8118-4550A415DBEE}.Release|Any CPU.ActiveCfg = Release|Any CPU
		{1E2261D6-F064-4C34-8118-4550A415DBEE}.Release|Any CPU.Build.0 = Release|Any CPU
		{E3E86699-DB2B-41D7-BD67-D7BEA484EEFA}.Debug|Any CPU.ActiveCfg = Debug|Any CPU
		{E3E86699-DB2B-41D7-BD67-D7BEA484EEFA}.Debug|Any CPU.Build.0 = Debug|Any CPU
		{E3E86699-DB2B-41D7-BD67-D7BEA484EEFA}.Release|Any CPU.ActiveCfg = Release|Any CPU
		{E3E86699-DB2B-41D7-BD67-D7BEA484EEFA}.Release|Any CPU.Build.0 = Release|Any CPU
		{E1A788CB-F7E0-4246-9C8D-6B856565893E}.Debug|Any CPU.ActiveCfg = Debug|Any CPU
		{E1A788CB-F7E0-4246-9C8D-6B856565893E}.Debug|Any CPU.Build.0 = Debug|Any CPU
		{E1A788CB-F7E0-4246-9C8D-6B856565893E}.Release|Any CPU.ActiveCfg = Release|Any CPU
		{E1A788CB-F7E0-4246-9C8D-6B856565893E}.Release|Any CPU.Build.0 = Release|Any CPU
	EndGlobalSection
	GlobalSection(SolutionProperties) = preSolution
		HideSolutionNode = FALSE
	EndGlobalSection
EndGlobal
