
Microsoft Visual Studio Solution File, Format Version 12.00
# Visual Studio 14
VisualStudioVersion = 14.0.25123.0
MinimumVisualStudioVersion = 10.0.40219.1
Project("{FAE04EC0-301F-11D3-BF4B-00C04F79EFBC}") = "01.Demo", "01.Demo\01.Demo.csproj", "{437D5314-AE82-47BA-A835-367596B59B8C}"
EndProject
Project("{FAE04EC0-301F-11D3-BF4B-00C04F79EFBC}") = "02.Demo", "02.Demo\02.Demo.csproj", "{C32393CF-A115-40BF-BAD3-D1687567BB2A}"
EndProject
Project("{FAE04EC0-301F-11D3-BF4B-00C04F79EFBC}") = "03.Demo", "03.Demo\03.Demo.csproj", "{968B310E-5C7D-42CB-B775-AF82814C8B45}"
EndProject
Project("{FAE04EC0-301F-11D3-BF4B-00C04F79EFBC}") = "04.Demo", "04.Demo\04.Demo.csproj", "{408D552B-3DA2-4FBF-A6C9-F508027B5B04}"
EndProject
Project("{FAE04EC0-301F-11D3-BF4B-00C04F79EFBC}") = "05.Demo", "05.Demo\05.Demo.csproj", "{43B43B4E-FEB8-45E2-8E88-AE1FCC205FA5}"
EndProject
Project("{FAE04EC0-301F-11D3-BF4B-00C04F79EFBC}") = "06.Demo", "06.Demo\06.Demo.csproj", "{A9D2F121-ED2C-4F51-8AEC-6D57DB7D1B1A}"
EndProject
Project("{FAE04EC0-301F-11D3-BF4B-00C04F79EFBC}") = "07.Demo", "07.Demo\07.Demo.csproj", "{DD41A679-F38A-445A-ACDB-20D7C5B4D250}"
EndProject
Project("{FAE04EC0-301F-11D3-BF4B-00C04F79EFBC}") = "08.Demo", "08.Demo\08.Demo.csproj", "{24A17EE1-4AFA-41B2-8794-E01F49F4E78C}"
EndProject
Project("{FAE04EC0-301F-11D3-BF4B-00C04F79EFBC}") = "09.Demo", "09.Demo\09.Demo.csproj", "{3EA8E2B3-8B14-4C5C-B0D6-1C60AF08842D}"
EndProject
Global
	GlobalSection(SolutionConfigurationPlatforms) = preSolution
		Debug|Any CPU = Debug|Any CPU
		Release|Any CPU = Release|Any CPU
	EndGlobalSection
	GlobalSection(ProjectConfigurationPlatforms) = postSolution
		{437D5314-AE82-47BA-A835-367596B59B8C}.Debug|Any CPU.ActiveCfg = Debug|Any CPU
		{437D5314-AE82-47BA-A835-367596B59B8C}.Debug|Any CPU.Build.0 = Debug|Any CPU
		{437D5314-AE82-47BA-A835-367596B59B8C}.Release|Any CPU.ActiveCfg = Release|Any CPU
		{437D5314-AE82-47BA-A835-367596B59B8C}.Release|Any CPU.Build.0 = Release|Any CPU
		{C32393CF-A115-40BF-BAD3-D1687567BB2A}.Debug|Any CPU.ActiveCfg = Debug|Any CPU
		{C32393CF-A115-40BF-BAD3-D1687567BB2A}.Debug|Any CPU.Build.0 = Debug|Any CPU
		{C32393CF-A115-40BF-BAD3-D1687567BB2A}.Release|Any CPU.ActiveCfg = Release|Any CPU
		{C32393CF-A115-40BF-BAD3-D1687567BB2A}.Release|Any CPU.Build.0 = Release|Any CPU
		{968B310E-5C7D-42CB-B775-AF82814C8B45}.Debug|Any CPU.ActiveCfg = Debug|Any CPU
		{968B310E-5C7D-42CB-B775-AF82814C8B45}.Debug|Any CPU.Build.0 = Debug|Any CPU
		{968B310E-5C7D-42CB-B775-AF82814C8B45}.Release|Any CPU.ActiveCfg = Release|Any CPU
		{968B310E-5C7D-42CB-B775-AF82814C8B45}.Release|Any CPU.Build.0 = Release|Any CPU
		{408D552B-3DA2-4FBF-A6C9-F508027B5B04}.Debug|Any CPU.ActiveCfg = Debug|Any CPU
		{408D552B-3DA2-4FBF-A6C9-F508027B5B04}.Debug|Any CPU.Build.0 = Debug|Any CPU
		{408D552B-3DA2-4FBF-A6C9-F508027B5B04}.Release|Any CPU.ActiveCfg = Release|Any CPU
		{408D552B-3DA2-4FBF-A6C9-F508027B5B04}.Release|Any CPU.Build.0 = Release|Any CPU
		{43B43B4E-FEB8-45E2-8E88-AE1FCC205FA5}.Debug|Any CPU.ActiveCfg = Debug|Any CPU
		{43B43B4E-FEB8-45E2-8E88-AE1FCC205FA5}.Debug|Any CPU.Build.0 = Debug|Any CPU
		{43B43B4E-FEB8-45E2-8E88-AE1FCC205FA5}.Release|Any CPU.ActiveCfg = Release|Any CPU
		{43B43B4E-FEB8-45E2-8E88-AE1FCC205FA5}.Release|Any CPU.Build.0 = Release|Any CPU
		{A9D2F121-ED2C-4F51-8AEC-6D57DB7D1B1A}.Debug|Any CPU.ActiveCfg = Debug|Any CPU
		{A9D2F121-ED2C-4F51-8AEC-6D57DB7D1B1A}.Debug|Any CPU.Build.0 = Debug|Any CPU
		{A9D2F121-ED2C-4F51-8AEC-6D57DB7D1B1A}.Release|Any CPU.ActiveCfg = Release|Any CPU
		{A9D2F121-ED2C-4F51-8AEC-6D57DB7D1B1A}.Release|Any CPU.Build.0 = Release|Any CPU
		{DD41A679-F38A-445A-ACDB-20D7C5B4D250}.Debug|Any CPU.ActiveCfg = Debug|Any CPU
		{DD41A679-F38A-445A-ACDB-20D7C5B4D250}.Debug|Any CPU.Build.0 = Debug|Any CPU
		{DD41A679-F38A-445A-ACDB-20D7C5B4D250}.Release|Any CPU.ActiveCfg = Release|Any CPU
		{DD41A679-F38A-445A-ACDB-20D7C5B4D250}.Release|Any CPU.Build.0 = Release|Any CPU
		{24A17EE1-4AFA-41B2-8794-E01F49F4E78C}.Debug|Any CPU.ActiveCfg = Debug|Any CPU
		{24A17EE1-4AFA-41B2-8794-E01F49F4E78C}.Debug|Any CPU.Build.0 = Debug|Any CPU
		{24A17EE1-4AFA-41B2-8794-E01F49F4E78C}.Release|Any CPU.ActiveCfg = Release|Any CPU
		{24A17EE1-4AFA-41B2-8794-E01F49F4E78C}.Release|Any CPU.Build.0 = Release|Any CPU
		{3EA8E2B3-8B14-4C5C-B0D6-1C60AF08842D}.Debug|Any CPU.ActiveCfg = Debug|Any CPU
		{3EA8E2B3-8B14-4C5C-B0D6-1C60AF08842D}.Debug|Any CPU.Build.0 = Debug|Any CPU
		{3EA8E2B3-8B14-4C5C-B0D6-1C60AF08842D}.Release|Any CPU.ActiveCfg = Release|Any CPU
		{3EA8E2B3-8B14-4C5C-B0D6-1C60AF08842D}.Release|Any CPU.Build.0 = Release|Any CPU
	EndGlobalSection
	GlobalSection(SolutionProperties) = preSolution
		HideSolutionNode = FALSE
	EndGlobalSection
EndGlobal
